{
  "requires": true,
  "lockfileVersion": 1,
  "dependencies": {
    "biwascheme": {
      "version": "0.6.9",
      "resolved": "https://registry.npmjs.org/biwascheme/-/biwascheme-0.6.9.tgz",
      "integrity": "sha512-hWX6nCGgmkwg/l5N3l1BJRgh3ShPbfK0fE9wJWgGO7IDMn0gAQeDeyTSNucdP8km4M2OGfxxGNyId3HjUHY9Dw==",
      "requires": {
        "optparse": "1.0.5",
        "underscore": "1.2.2",
        "underscore.string": "2.0.0"
      }
    },
    "optparse": {
      "version": "1.0.5",
      "resolved": "https://registry.npmjs.org/optparse/-/optparse-1.0.5.tgz",
      "integrity": "sha1-dedallBmEescZbqJAY/wipgeLBY="
    },
    "underscore": {
      "version": "1.2.2",
      "resolved": "https://registry.npmjs.org/underscore/-/underscore-1.2.2.tgz",
      "integrity": "sha1-dN1A6frOhOck6y7a6UW4rtwjO6M="
    },
    "underscore.string": {
      "version": "2.0.0",
      "resolved": "https://registry.npmjs.org/underscore.string/-/underscore.string-2.0.0.tgz",
      "integrity": "sha1-dHCFilSguzVg0DfaVtzGe1GB4Ro="
    }
  }
}
